// !$*UTF8*$!
{
	archiveVersion = 1;
	classes = {
	};
	objectVersion = 46;
	objects = {

/* Begin PBXBuildFile section */
		6C93799D1C48C1A7003BF9EF /* AppDelegate.swift in Sources */ = {isa = PBXBuildFile; fileRef = 6C93799C1C48C1A7003BF9EF /* AppDelegate.swift */; };
		6C9379A21C48C1A7003BF9EF /* Main.storyboard in Resources */ = {isa = PBXBuildFile; fileRef = 6C9379A01C48C1A7003BF9EF /* Main.storyboard */; };
		6C9379A51C48C1A7003BF9EF /* CDTuturial.xcdatamodeld in Sources */ = {isa = PBXBuildFile; fileRef = 6C9379A31C48C1A7003BF9EF /* CDTuturial.xcdatamodeld */; };
		6C9379A71C48C1A7003BF9EF /* Assets.xcassets in Resources */ = {isa = PBXBuildFile; fileRef = 6C9379A61C48C1A7003BF9EF /* Assets.xcassets */; };
		6C9379AA1C48C1A7003BF9EF /* LaunchScreen.storyboard in Resources */ = {isa = PBXBuildFile; fileRef = 6C9379A81C48C1A7003BF9EF /* LaunchScreen.storyboard */; };
		6C9379B21C48C4C3003BF9EF /* ContactsViewController.swift in Sources */ = {isa = PBXBuildFile; fileRef = 6C9379B11C48C4C3003BF9EF /* ContactsViewController.swift */; };
		6C9379B41C48C4D9003BF9EF /* AddContactViewController.swift in Sources */ = {isa = PBXBuildFile; fileRef = 6C9379B31C48C4D9003BF9EF /* AddContactViewController.swift */; };
		6C9379B61C48C4E7003BF9EF /* SettingsViewController.swift in Sources */ = {isa = PBXBuildFile; fileRef = 6C9379B51C48C4E7003BF9EF /* SettingsViewController.swift */; };
		6CC487BB1C48D47E00606A06 /* CoreDataStack.swift in Sources */ = {isa = PBXBuildFile; fileRef = 6CC487BA1C48D47E00606A06 /* CoreDataStack.swift */; };
		6CC487BD1C48D74200606A06 /* CoreDataStack+LocalInstance.swift in Sources */ = {isa = PBXBuildFile; fileRef = 6CC487BC1C48D74200606A06 /* CoreDataStack+LocalInstance.swift */; };
/* End PBXBuildFile section */

/* Begin PBXFileReference section */
		6C9379991C48C1A7003BF9EF /* CDTuturial.app */ = {isa = PBXFileReference; explicitFileType = wrapper.application; includeInIndex = 0; path = CDTuturial.app; sourceTree = BUILT_PRODUCTS_DIR; };
		6C93799C1C48C1A7003BF9EF /* AppDelegate.swift */ = {isa = PBXFileReference; lastKnownFileType = sourcecode.swift; path = AppDelegate.swift; sourceTree = "<group>"; };
		6C9379A11C48C1A7003BF9EF /* Base */ = {isa = PBXFileReference; lastKnownFileType = file.storyboard; name = Base; path = Base.lproj/Main.storyboard; sourceTree = "<group>"; };
		6C9379A41C48C1A7003BF9EF /* CDTuturial.xcdatamodel */ = {isa = PBXFileReference; lastKnownFileType = wrapper.xcdatamodel; path = CDTuturial.xcdatamodel; sourceTree = "<group>"; };
		6C9379A61C48C1A7003BF9EF /* Assets.xcassets */ = {isa = PBXFileReference; lastKnownFileType = folder.assetcatalog; path = Assets.xcassets; sourceTree = "<group>"; };
		6C9379A91C48C1A7003BF9EF /* Base */ = {isa = PBXFileReference; lastKnownFileType = file.storyboard; name = Base; path = Base.lproj/LaunchScreen.storyboard; sourceTree = "<group>"; };
		6C9379AB1C48C1A7003BF9EF /* Info.plist */ = {isa = PBXFileReference; lastKnownFileType = text.plist.xml; path = Info.plist; sourceTree = "<group>"; };
		6C9379B11C48C4C3003BF9EF /* ContactsViewController.swift */ = {isa = PBXFileReference; fileEncoding = 4; lastKnownFileType = sourcecode.swift; path = ContactsViewController.swift; sourceTree = "<group>"; };
		6C9379B31C48C4D9003BF9EF /* AddContactViewController.swift */ = {isa = PBXFileReference; fileEncoding = 4; lastKnownFileType = sourcecode.swift; path = AddContactViewController.swift; sourceTree = "<group>"; };
		6C9379B51C48C4E7003BF9EF /* SettingsViewController.swift */ = {isa = PBXFileReference; fileEncoding = 4; lastKnownFileType = sourcecode.swift; path = SettingsViewController.swift; sourceTree = "<group>"; };
		6CC487BA1C48D47E00606A06 /* CoreDataStack.swift */ = {isa = PBXFileReference; fileEncoding = 4; lastKnownFileType = sourcecode.swift; path = CoreDataStack.swift; sourceTree = "<group>"; };
		6CC487BC1C48D74200606A06 /* CoreDataStack+LocalInstance.swift */ = {isa = PBXFileReference; fileEncoding = 4; lastKnownFileType = sourcecode.swift; path = "CoreDataStack+LocalInstance.swift"; sourceTree = "<group>"; };
/* End PBXFileReference section */

/* Begin PBXFrameworksBuildPhase section */
		6C9379961C48C1A7003BF9EF /* Frameworks */ = {
			isa = PBXFrameworksBuildPhase;
			buildActionMask = 2147483647;
			files = (
			);
			runOnlyForDeploymentPostprocessing = 0;
		};
/* End PBXFrameworksBuildPhase section */

/* Begin PBXGroup section */
		6C9379901C48C1A7003BF9EF = {
			isa = PBXGroup;
			children = (
				6C93799B1C48C1A7003BF9EF /* CDTuturial */,
				6C93799A1C48C1A7003BF9EF /* Products */,
			);
			sourceTree = "<group>";
		};
		6C93799A1C48C1A7003BF9EF /* Products */ = {
			isa = PBXGroup;
			children = (
				6C9379991C48C1A7003BF9EF /* CDTuturial.app */,
			);
			name = Products;
			sourceTree = "<group>";
		};
		6C93799B1C48C1A7003BF9EF /* CDTuturial */ = {
			isa = PBXGroup;
			children = (
				6C93799C1C48C1A7003BF9EF /* AppDelegate.swift */,
				6C9379A01C48C1A7003BF9EF /* Main.storyboard */,
				6C9379A61C48C1A7003BF9EF /* Assets.xcassets */,
				6C9379A81C48C1A7003BF9EF /* LaunchScreen.storyboard */,
				6C9379AB1C48C1A7003BF9EF /* Info.plist */,
				6C9379A31C48C1A7003BF9EF /* CDTuturial.xcdatamodeld */,
				6C9379B11C48C4C3003BF9EF /* ContactsViewController.swift */,
				6C9379B31C48C4D9003BF9EF /* AddContactViewController.swift */,
				6C9379B51C48C4E7003BF9EF /* SettingsViewController.swift */,
				6CC487BA1C48D47E00606A06 /* CoreDataStack.swift */,
				6CC487BC1C48D74200606A06 /* CoreDataStack+LocalInstance.swift */,
			);
			path = CDTuturial;
			sourceTree = "<group>";
		};
/* End PBXGroup section */

/* Begin PBXNativeTarget section */
		6C9379981C48C1A7003BF9EF /* CDTuturial */ = {
			isa = PBXNativeTarget;
			buildConfigurationList = 6C9379AE1C48C1A7003BF9EF /* Build configuration list for PBXNativeTarget "CDTuturial" */;
			buildPhases = (
				6C9379951C48C1A7003BF9EF /* Sources */,
				6C9379961C48C1A7003BF9EF /* Frameworks */,
				6C9379971C48C1A7003BF9EF /* Resources */,
			);
			buildRules = (
			);
			dependencies = (
			);
			name = CDTuturial;
			productName = CDTuturial;
			productReference = 6C9379991C48C1A7003BF9EF /* CDTuturial.app */;
			productType = "com.apple.product-type.application";
		};
/* End PBXNativeTarget section */

/* Begin PBXProject section */
		6C9379911C48C1A7003BF9EF /* Project object */ = {
			isa = PBXProject;
			attributes = {
				LastSwiftUpdateCheck = 0720;
				LastUpgradeCheck = 0720;
				ORGANIZATIONNAME = Avast;
				TargetAttributes = {
					6C9379981C48C1A7003BF9EF = {
						CreatedOnToolsVersion = 7.2;
					};
				};
			};
			buildConfigurationList = 6C9379941C48C1A7003BF9EF /* Build configuration list for PBXProject "CDTuturial" */;
			compatibilityVersion = "Xcode 3.2";
			developmentRegion = English;
			hasScannedForEncodings = 0;
			knownRegions = (
				en,
				Base,
			);
			mainGroup = 6C9379901C48C1A7003BF9EF;
			productRefGroup = 6C93799A1C48C1A7003BF9EF /* Products */;
			projectDirPath = "";
			projectRoot = "";
			targets = (
				6C9379981C48C1A7003BF9EF /* CDTuturial */,
			);
		};
/* End PBXProject section */

/* Begin PBXResourcesBuildPhase section */
		6C9379971C48C1A7003BF9EF /* Resources */ = {
			isa = PBXResourcesBuildPhase;
			buildActionMask = 2147483647;
			files = (
				6C9379AA1C48C1A7003BF9EF /* LaunchScreen.storyboard in Resources */,
				6C9379A71C48C1A7003BF9EF /* Assets.xcassets in Resources */,
				6C9379A21C48C1A7003BF9EF /* Main.storyboard in Resources */,
			);
			runOnlyForDeploymentPostprocessing = 0;
		};
/* End PBXResourcesBuildPhase section */

/* Begin PBXSourcesBuildPhase section */
		6C9379951C48C1A7003BF9EF /* Sources */ = {
			isa = PBXSourcesBuildPhase;
			buildActionMask = 2147483647;
			files = (
				6C9379A51C48C1A7003BF9EF /* CDTuturial.xcdatamodeld in Sources */,
				6C9379B41C48C4D9003BF9EF /* AddContactViewController.swift in Sources */,
				6CC487BD1C48D74200606A06 /* CoreDataStack+LocalInstance.swift in Sources */,
				6C9379B21C48C4C3003BF9EF /* ContactsViewController.swift in Sources */,
				6CC487BB1C48D47E00606A06 /* CoreDataStack.swift in Sources */,
				6C9379B61C48C4E7003BF9EF /* SettingsViewController.swift in Sources */,
				6C93799D1C48C1A7003BF9EF /* AppDelegate.swift in Sources */,
			);
			runOnlyForDeploymentPostprocessing = 0;
		};
/* End PBXSourcesBuildPhase section */

/* Begin PBXVariantGroup section */
		6C9379A01C48C1A7003BF9EF /* Main.storyboard */ = {
			isa = PBXVariantGroup;
			children = (
				6C9379A11C48C1A7003BF9EF /* Base */,
			);
			name = Main.storyboard;
			sourceTree = "<group>";
		};
		6C9379A81C48C1A7003BF9EF /* LaunchScreen.storyboard */ = {
			isa = PBXVariantGroup;
			children = (
				6C9379A91C48C1A7003BF9EF /* Base */,
			);
			name = LaunchScreen.storyboard;
			sourceTree = "<group>";
		};
/* End PBXVariantGroup section */

/* Begin XCBuildConfiguration section */
		6C9379AC1C48C1A7003BF9EF /* Debug */ = {
			isa = XCBuildConfiguration;
			buildSettings = {
				ALWAYS_SEARCH_USER_PATHS = NO;
				CLANG_CXX_LANGUAGE_STANDARD = "gnu++0x";
				CLANG_CXX_LIBRARY = "libc++";
				CLANG_ENABLE_MODULES = YES;
				CLANG_ENABLE_OBJC_ARC = YES;
				CLANG_WARN_BOOL_CONVERSION = YES;
				CLANG_WARN_CONSTANT_CONVERSION = YES;
				CLANG_WARN_DIRECT_OBJC_ISA_USAGE = YES_ERROR;
				CLANG_WARN_EMPTY_BODY = YES;
				CLANG_WARN_ENUM_CONVERSION = YES;
				CLANG_WARN_INT_CONVERSION = YES;
				CLANG_WARN_OBJC_ROOT_CLASS = YES_ERROR;
				CLANG_WARN_UNREACHABLE_CODE = YES;
				CLANG_WARN__DUPLICATE_METHOD_MATCH = YES;
				"CODE_SIGN_IDENTITY[sdk=iphoneos*]" = "iPhone Developer";
				COPY_PHASE_STRIP = NO;
				DEBUG_INFORMATION_FORMAT = dwarf;
				ENABLE_STRICT_OBJC_MSGSEND = YES;
				ENABLE_TESTABILITY = YES;
				GCC_C_LANGUAGE_STANDARD = gnu99;
				GCC_DYNAMIC_NO_PIC = NO;
				GCC_NO_COMMON_BLOCKS = YES;
				GCC_OPTIMIZATION_LEVEL = 0;
				GCC_PREPROCESSOR_DEFINITIONS = (
					"DEBUG=1",
					"$(inherited)",
				);
				GCC_WARN_64_TO_32_BIT_CONVERSION = YES;
				GCC_WARN_ABOUT_RETURN_TYPE = YES_ERROR;
				GCC_WARN_UNDECLARED_SELECTOR = YES;
				GCC_WARN_UNINITIALIZED_AUTOS = YES_AGGRESSIVE;
				GCC_WARN_UNUSED_FUNCTION = YES;
				GCC_WARN_UNUSED_VARIABLE = YES;
				IPHONEOS_DEPLOYMENT_TARGET = 9.2;
				MTL_ENABLE_DEBUG_INFO = YES;
				ONLY_ACTIVE_ARCH = YES;
				SDKROOT = iphoneos;
				SWIFT_OPTIMIZATION_LEVEL = "-Onone";
			};
			name = Debug;
		};
		6C9379AD1C48C1A7003BF9EF /* Release */ = {
			isa = XCBuildConfiguration;
			buildSettings = {
				ALWAYS_SEARCH_USER_PATHS = NO;
				CLANG_CXX_LANGUAGE_STANDARD = "gnu++0x";
				CLANG_CXX_LIBRARY = "libc++";
				CLANG_ENABLE_MODULES = YES;
				CLANG_ENABLE_OBJC_ARC = YES;
				CLANG_WARN_BOOL_CONVERSION = YES;
				CLANG_WARN_CONSTANT_CONVERSION = YES;
				CLANG_WARN_DIRECT_OBJC_ISA_USAGE = YES_ERROR;
				CLANG_WARN_EMPTY_BODY = YES;
				CLANG_WARN_ENUM_CONVERSION = YES;
				CLANG_WARN_INT_CONVERSION = YES;
				CLANG_WARN_OBJC_ROOT_CLASS = YES_ERROR;
				CLANG_WARN_UNREACHABLE_CODE = YES;
				CLANG_WARN__DUPLICATE_METHOD_MATCH = YES;
				"CODE_SIGN_IDENTITY[sdk=iphoneos*]" = "iPhone Developer";
				COPY_PHASE_STRIP = NO;
				DEBUG_INFORMATION_FORMAT = "dwarf-with-dsym";
				ENABLE_NS_ASSERTIONS = NO;
				ENABLE_STRICT_OBJC_MSGSEND = YES;
				GCC_C_LANGUAGE_STANDARD = gnu99;
				GCC_NO_COMMON_BLOCKS = YES;
				GCC_WARN_64_TO_32_BIT_CONVERSION = YES;
				GCC_WARN_ABOUT_RETURN_TYPE = YES_ERROR;
				GCC_WARN_UNDECLARED_SELECTOR = YES;
				GCC_WARN_UNINITIALIZED_AUTOS = YES_AGGRESSIVE;
				GCC_WARN_UNUSED_FUNCTION = YES;
				GCC_WARN_UNUSED_VARIABLE = YES;
				IPHONEOS_DEPLOYMENT_TARGET = 9.2;
				MTL_ENABLE_DEBUG_INFO = NO;
				SDKROOT = iphoneos;
				VALIDATE_PRODUCT = YES;
			};
			name = Release;
		};
		6C9379AF1C48C1A7003BF9EF /* Debug */ = {
			isa = XCBuildConfiguration;
			buildSettings = {
				ASSETCATALOG_COMPILER_APPICON_NAME = AppIcon;
				INFOPLIST_FILE = CDTuturial/Info.plist;
				LD_RUNPATH_SEARCH_PATHS = "$(inherited) @executable_path/Frameworks";
				PRODUCT_BUNDLE_IDENTIFIER = com.avast.CDTuturial;
				PRODUCT_NAME = "$(TARGET_NAME)";
			};
			name = Debug;
		};
		6C9379B01C48C1A7003BF9EF /* Release */ = {
			isa = XCBuildConfiguration;
			buildSettings = {
				ASSETCATALOG_COMPILER_APPICON_NAME = AppIcon;
				INFOPLIST_FILE = CDTuturial/Info.plist;
				LD_RUNPATH_SEARCH_PATHS = "$(inherited) @executable_path/Frameworks";
				PRODUCT_BUNDLE_IDENTIFIER = com.avast.CDTuturial;
				PRODUCT_NAME = "$(TARGET_NAME)";
			};
			name = Release;
		};
/* End XCBuildConfiguration section */

/* Begin XCConfigurationList section */
		6C9379941C48C1A7003BF9EF /* Build configuration list for PBXProject "CDTuturial" */ = {
			isa = XCConfigurationList;
			buildConfigurations = (
				6C9379AC1C48C1A7003BF9EF /* Debug */,
				6C9379AD1C48C1A7003BF9EF /* Release */,
			);
			defaultConfigurationIsVisible = 0;
			defaultConfigurationName = Release;
		};
		6C9379AE1C48C1A7003BF9EF /* Build configuration list for PBXNativeTarget "CDTuturial" */ = {
			isa = XCConfigurationList;
			buildConfigurations = (
				6C9379AF1C48C1A7003BF9EF /* Debug */,
				6C9379B01C48C1A7003BF9EF /* Release */,
			);
			defaultConfigurationIsVisible = 0;
			defaultConfigurationName = Release;
		};
/* End XCConfigurationList section */

/* Begin XCVersionGroup section */
		6C9379A31C48C1A7003BF9EF /* CDTuturial.xcdatamodeld */ = {
			isa = XCVersionGroup;
			children = (
				6C9379A41C48C1A7003BF9EF /* CDTuturial.xcdatamodel */,
			);
			currentVersion = 6C9379A41C48C1A7003BF9EF /* CDTuturial.xcdatamodel */;
			path = CDTuturial.xcdatamodeld;
			sourceTree = "<group>";
			versionGroupType = wrapper.xcdatamodel;
		};
/* End XCVersionGroup section */
	};
	rootObject = 6C9379911C48C1A7003BF9EF /* Project object */;
}
